<?xml version="1.0" encoding="utf-8"?>
<Project ToolsVersion="4.0" xmlns="http://schemas.microsoft.com/developer/msbuild/2003">
  <ItemGroup>
    <Filter Include="소스 파일">
      <UniqueIdentifier>{4FC737F1-C7A5-4376-A066-2A32D752A2FF}</UniqueIdentifier>
      <Extensions>cpp;c;cc;cxx;c++;cppm;ixx;def;odl;idl;hpj;bat;asm;asmx</Extensions>
    </Filter>
    <Filter Include="헤더 파일">
      <UniqueIdentifier>{93995380-89BD-4b04-88EB-625FBE52EBFB}</UniqueIdentifier>
      <Extensions>h;hh;hpp;hxx;h++;hm;inl;inc;ipp;xsd</Extensions>
    </Filter>
    <Filter Include="리소스 파일">
      <UniqueIdentifier>{67DA6AB6-F800-4c08-8B7A-83BB121AAD01}</UniqueIdentifier>
      <Extensions>rc;ico;cur;bmp;dlg;rc2;rct;bin;rgs;gif;jpg;jpeg;jpe;resx;tiff;tif;png;wav;mfcribbon-ms</Extensions>
    </Filter>
  </ItemGroup>
  <ItemGroup>
    <ClCompile Include="AlgorithmStudy.cpp">
      <Filter>소스 파일</Filter>
    </ClCompile>
    <ClCompile Include="Solve\1003.cpp">
      <Filter>소스 파일</Filter>
    </ClCompile>
    <ClCompile Include="Solve\1260.cpp">
      <Filter>소스 파일</Filter>
    </ClCompile>
    <ClCompile Include="Solve\2178.cpp">
      <Filter>소스 파일</Filter>
    </ClCompile>
    <ClCompile Include="Solve\2776.cpp">
      <Filter>소스 파일</Filter>
    </ClCompile>
    <ClCompile Include="Solve\2847.cpp">
      <Filter>소스 파일</Filter>
    </ClCompile>
    <ClCompile Include="Solve\3182.cpp">
      <Filter>소스 파일</Filter>
    </ClCompile>
    <ClCompile Include="Solve\14502.cpp">
      <Filter>소스 파일</Filter>
    </ClCompile>
    <ClCompile Include="Solve\14698.cpp">
      <Filter>소스 파일</Filter>
    </ClCompile>
    <ClCompile Include="Solve\14889.cpp">
      <Filter>소스 파일</Filter>
    </ClCompile>
    <ClCompile Include="Solve\Template.cpp">
      <Filter>소스 파일</Filter>
    </ClCompile>
    <ClCompile Include="Solve\Test.cpp">
      <Filter>소스 파일</Filter>
    </ClCompile>
    <ClCompile Include="Solve\10026.cpp">
      <Filter>소스 파일</Filter>
    </ClCompile>
    <ClCompile Include="Solve\2606.cpp">
      <Filter>소스 파일</Filter>
    </ClCompile>
    <ClCompile Include="Solve\9663.cpp">
      <Filter>소스 파일</Filter>
    </ClCompile>
    <ClCompile Include="Solve\14936.cpp">
      <Filter>소스 파일</Filter>
    </ClCompile>
    <ClCompile Include="Solve\1753.cpp">
      <Filter>소스 파일</Filter>
    </ClCompile>
    <ClCompile Include="Solve\4485.cpp">
      <Filter>소스 파일</Filter>
    </ClCompile>
    <ClCompile Include="Solve\20046.cpp">
      <Filter>소스 파일</Filter>
    </ClCompile>
    <ClCompile Include="Solve\1759.cpp">
      <Filter>소스 파일</Filter>
    </ClCompile>
    <ClCompile Include="Solve_old\1002.cpp">
      <Filter>소스 파일</Filter>
    </ClCompile>
    <ClCompile Include="Solve_old\1003.cpp">
      <Filter>소스 파일</Filter>
    </ClCompile>
    <ClCompile Include="Solve_old\1009.cpp">
      <Filter>소스 파일</Filter>
    </ClCompile>
    <ClCompile Include="Solve_old\1011.cpp">
      <Filter>소스 파일</Filter>
    </ClCompile>
    <ClCompile Include="Solve_old\1012.cpp">
      <Filter>소스 파일</Filter>
    </ClCompile>
    <ClCompile Include="Solve_old\1018.cpp">
      <Filter>소스 파일</Filter>
    </ClCompile>
    <ClCompile Include="Solve_old\1037.cpp">
      <Filter>소스 파일</Filter>
    </ClCompile>
    <ClCompile Include="Solve_old\1085.cpp">
      <Filter>소스 파일</Filter>
    </ClCompile>
    <ClCompile Include="Solve_old\1107.cpp">
      <Filter>소스 파일</Filter>
    </ClCompile>
    <ClCompile Include="Solve_old\1181.cpp">
      <Filter>소스 파일</Filter>
    </ClCompile>
    <ClCompile Include="Solve_old\1212.cpp">
      <Filter>소스 파일</Filter>
    </ClCompile>
    <ClCompile Include="Solve_old\1259.cpp">
      <Filter>소스 파일</Filter>
    </ClCompile>
    <ClCompile Include="Solve_old\1260.cpp">
      <Filter>소스 파일</Filter>
    </ClCompile>
    <ClCompile Include="Solve_old\1406.cpp">
      <Filter>소스 파일</Filter>
    </ClCompile>
    <ClCompile Include="Solve_old\1436.cpp">
      <Filter>소스 파일</Filter>
    </ClCompile>
    <ClCompile Include="Solve_old\1463.cpp">
      <Filter>소스 파일</Filter>
    </ClCompile>
    <ClCompile Include="Solve_old\1541.cpp">
      <Filter>소스 파일</Filter>
    </ClCompile>
    <ClCompile Include="Solve_old\1620.cpp">
      <Filter>소스 파일</Filter>
    </ClCompile>
    <ClCompile Include="Solve_old\1654.cpp">
      <Filter>소스 파일</Filter>
    </ClCompile>
    <ClCompile Include="Solve_old\1676.cpp">
      <Filter>소스 파일</Filter>
    </ClCompile>
    <ClCompile Include="Solve_old\1697.cpp">
      <Filter>소스 파일</Filter>
    </ClCompile>
    <ClCompile Include="Solve_old\1753.cpp">
      <Filter>소스 파일</Filter>
    </ClCompile>
    <ClCompile Include="Solve_old\1759.cpp">
      <Filter>소스 파일</Filter>
    </ClCompile>
    <ClCompile Include="Solve_old\1764.cpp">
      <Filter>소스 파일</Filter>
    </ClCompile>
    <ClCompile Include="Solve_old\1780.cpp">
      <Filter>소스 파일</Filter>
    </ClCompile>
    <ClCompile Include="Solve_old\1874.cpp">
      <Filter>소스 파일</Filter>
    </ClCompile>
    <ClCompile Include="Solve_old\1916.cpp">
      <Filter>소스 파일</Filter>
    </ClCompile>
    <ClCompile Include="Solve_old\1920.cpp">
      <Filter>소스 파일</Filter>
    </ClCompile>
    <ClCompile Include="Solve_old\1927.cpp">
      <Filter>소스 파일</Filter>
    </ClCompile>
    <ClCompile Include="Solve_old\1929.cpp">
      <Filter>소스 파일</Filter>
    </ClCompile>
    <ClCompile Include="Solve_old\1931.cpp">
      <Filter>소스 파일</Filter>
    </ClCompile>
    <ClCompile Include="Solve_old\1934.cpp">
      <Filter>소스 파일</Filter>
    </ClCompile>
    <ClCompile Include="Solve_old\1966.cpp">
      <Filter>소스 파일</Filter>
    </ClCompile>
    <ClCompile Include="Solve_old\1992.cpp">
      <Filter>소스 파일</Filter>
    </ClCompile>
    <ClCompile Include="Solve_old\2042.cpp">
      <Filter>소스 파일</Filter>
    </ClCompile>
    <ClCompile Include="Solve_old\2108.cpp">
      <Filter>소스 파일</Filter>
    </ClCompile>
    <ClCompile Include="Solve_old\2164.cpp">
      <Filter>소스 파일</Filter>
    </ClCompile>
    <ClCompile Include="Solve_old\2167.cpp">
      <Filter>소스 파일</Filter>
    </ClCompile>
    <ClCompile Include="Solve_old\2178.cpp">
      <Filter>소스 파일</Filter>
    </ClCompile>
    <ClCompile Include="Solve_old\2231.cpp">
      <Filter>소스 파일</Filter>
    </ClCompile>
    <ClCompile Include="Solve_old\2292.cpp">
      <Filter>소스 파일</Filter>
    </ClCompile>
    <ClCompile Include="Solve_old\2309.cpp">
      <Filter>소스 파일</Filter>
    </ClCompile>
    <ClCompile Include="Solve_old\2442.cpp">
      <Filter>소스 파일</Filter>
    </ClCompile>
    <ClCompile Include="Solve_old\2443.cpp">
      <Filter>소스 파일</Filter>
    </ClCompile>
    <ClCompile Include="Solve_old\2444.cpp">
      <Filter>소스 파일</Filter>
    </ClCompile>
    <ClCompile Include="Solve_old\2445.cpp">
      <Filter>소스 파일</Filter>
    </ClCompile>
    <ClCompile Include="Solve_old\2446.cpp">
      <Filter>소스 파일</Filter>
    </ClCompile>
    <ClCompile Include="Solve_old\2447.cpp">
      <Filter>소스 파일</Filter>
    </ClCompile>
    <ClCompile Include="Solve_old\2448.cpp">
      <Filter>소스 파일</Filter>
    </ClCompile>
    <ClCompile Include="Solve_old\2475.cpp">
      <Filter>소스 파일</Filter>
    </ClCompile>
    <ClCompile Include="Solve_old\2522.cpp">
      <Filter>소스 파일</Filter>
    </ClCompile>
    <ClCompile Include="Solve_old\2523.cpp">
      <Filter>소스 파일</Filter>
    </ClCompile>
    <ClCompile Include="Solve_old\2559.cpp">
      <Filter>소스 파일</Filter>
    </ClCompile>
    <ClCompile Include="Solve_old\2579.cpp">
      <Filter>소스 파일</Filter>
    </ClCompile>
    <ClCompile Include="Solve_old\2606.cpp">
      <Filter>소스 파일</Filter>
    </ClCompile>
    <ClCompile Include="Solve_old\2609.cpp">
      <Filter>소스 파일</Filter>
    </ClCompile>
    <ClCompile Include="Solve_old\2630.cpp">
      <Filter>소스 파일</Filter>
    </ClCompile>
    <ClCompile Include="Solve_old\2667.cpp">
      <Filter>소스 파일</Filter>
    </ClCompile>
    <ClCompile Include="Solve_old\2747.cpp">
      <Filter>소스 파일</Filter>
    </ClCompile>
    <ClCompile Include="Solve_old\2749.cpp">
      <Filter>소스 파일</Filter>
    </ClCompile>
    <ClCompile Include="Solve_old\2751.cpp">
      <Filter>소스 파일</Filter>
    </ClCompile>
    <ClCompile Include="Solve_old\2775.cpp">
      <Filter>소스 파일</Filter>
    </ClCompile>
    <ClCompile Include="Solve_old\2776.cpp">
      <Filter>소스 파일</Filter>
    </ClCompile>
    <ClCompile Include="Solve_old\2798.cpp">
      <Filter>소스 파일</Filter>
    </ClCompile>
    <ClCompile Include="Solve_old\2805.cpp">
      <Filter>소스 파일</Filter>
    </ClCompile>
    <ClCompile Include="Solve_old\2847.cpp">
      <Filter>소스 파일</Filter>
    </ClCompile>
    <ClCompile Include="Solve_old\2869.cpp">
      <Filter>소스 파일</Filter>
    </ClCompile>
    <ClCompile Include="Solve_old\2914.cpp">
      <Filter>소스 파일</Filter>
    </ClCompile>
    <ClCompile Include="Solve_old\2941.cpp">
      <Filter>소스 파일</Filter>
    </ClCompile>
    <ClCompile Include="Solve_old\3009.cpp">
      <Filter>소스 파일</Filter>
    </ClCompile>
    <ClCompile Include="Solve_old\3046.cpp">
      <Filter>소스 파일</Filter>
    </ClCompile>
    <ClCompile Include="Solve_old\3053.cpp">
      <Filter>소스 파일</Filter>
    </ClCompile>
    <ClCompile Include="Solve_old\3182.cpp">
      <Filter>소스 파일</Filter>
    </ClCompile>
    <ClCompile Include="Solve_old\4153.cpp">
      <Filter>소스 파일</Filter>
    </ClCompile>
    <ClCompile Include="Solve_old\4485.cpp">
      <Filter>소스 파일</Filter>
    </ClCompile>
    <ClCompile Include="Solve_old\4948.cpp">
      <Filter>소스 파일</Filter>
    </ClCompile>
    <ClCompile Include="Solve_old\4949.cpp">
      <Filter>소스 파일</Filter>
    </ClCompile>
    <ClCompile Include="Solve_old\5086.cpp">
      <Filter>소스 파일</Filter>
    </ClCompile>
    <ClCompile Include="Solve_old\5525.cpp">
      <Filter>소스 파일</Filter>
    </ClCompile>
    <ClCompile Include="Solve_old\6588.cpp">
      <Filter>소스 파일</Filter>
    </ClCompile>
    <ClCompile Include="Solve_old\7568.cpp">
      <Filter>소스 파일</Filter>
    </ClCompile>
    <ClCompile Include="Solve_old\7576.cpp">
      <Filter>소스 파일</Filter>
    </ClCompile>
    <ClCompile Include="Solve_old\9012.cpp">
      <Filter>소스 파일</Filter>
    </ClCompile>
    <ClCompile Include="Solve_old\9020.cpp">
      <Filter>소스 파일</Filter>
    </ClCompile>
    <ClCompile Include="Solve_old\9095.cpp">
      <Filter>소스 파일</Filter>
    </ClCompile>
    <ClCompile Include="Solve_old\9184.cpp">
      <Filter>소스 파일</Filter>
    </ClCompile>
    <ClCompile Include="Solve_old\9461.cpp">
      <Filter>소스 파일</Filter>
    </ClCompile>
    <ClCompile Include="Solve_old\9471.cpp">
      <Filter>소스 파일</Filter>
    </ClCompile>
    <ClCompile Include="Solve_old\9527.cpp">
      <Filter>소스 파일</Filter>
    </ClCompile>
    <ClCompile Include="Solve_old\9663.cpp">
      <Filter>소스 파일</Filter>
    </ClCompile>
    <ClCompile Include="Solve_old\10026.cpp">
      <Filter>소스 파일</Filter>
    </ClCompile>
    <ClCompile Include="Solve_old\10211.cpp">
      <Filter>소스 파일</Filter>
    </ClCompile>
    <ClCompile Include="Solve_old\10250.cpp">
      <Filter>소스 파일</Filter>
    </ClCompile>
    <ClCompile Include="Solve_old\10773.cpp">
      <Filter>소스 파일</Filter>
    </ClCompile>
    <ClCompile Include="Solve_old\10814.cpp">
      <Filter>소스 파일</Filter>
    </ClCompile>
    <ClCompile Include="Solve_old\10815.cpp">
      <Filter>소스 파일</Filter>
    </ClCompile>
    <ClCompile Include="Solve_old\10816.cpp">
      <Filter>소스 파일</Filter>
    </ClCompile>
    <ClCompile Include="Solve_old\10826.cpp">
      <Filter>소스 파일</Filter>
    </ClCompile>
    <ClCompile Include="Solve_old\10828.cpp">
      <Filter>소스 파일</Filter>
    </ClCompile>
    <ClCompile Include="Solve_old\10845.cpp">
      <Filter>소스 파일</Filter>
    </ClCompile>
    <ClCompile Include="Solve_old\10866.cpp">
      <Filter>소스 파일</Filter>
    </ClCompile>
    <ClCompile Include="Solve_old\10989.cpp">
      <Filter>소스 파일</Filter>
    </ClCompile>
    <ClCompile Include="Solve_old\10990.cpp">
      <Filter>소스 파일</Filter>
    </ClCompile>
    <ClCompile Include="Solve_old\10991.cpp">
      <Filter>소스 파일</Filter>
    </ClCompile>
    <ClCompile Include="Solve_old\10992.cpp">
      <Filter>소스 파일</Filter>
    </ClCompile>
    <ClCompile Include="Solve_old\10994.cpp">
      <Filter>소스 파일</Filter>
    </ClCompile>
    <ClCompile Include="Solve_old\10995.cpp">
      <Filter>소스 파일</Filter>
    </ClCompile>
    <ClCompile Include="Solve_old\10996.cpp">
      <Filter>소스 파일</Filter>
    </ClCompile>
    <ClCompile Include="Solve_old\10997.cpp">
      <Filter>소스 파일</Filter>
    </ClCompile>
    <ClCompile Include="Solve_old\10999.cpp">
      <Filter>소스 파일</Filter>
    </ClCompile>
    <ClCompile Include="Solve_old\11003.cpp">
      <Filter>소스 파일</Filter>
    </ClCompile>
    <ClCompile Include="Solve_old\11047.cpp">
      <Filter>소스 파일</Filter>
    </ClCompile>
    <ClCompile Include="Solve_old\11050.cpp">
      <Filter>소스 파일</Filter>
    </ClCompile>
    <ClCompile Include="Solve_old\11279.cpp">
      <Filter>소스 파일</Filter>
    </ClCompile>
    <ClCompile Include="Solve_old\11286.cpp">
      <Filter>소스 파일</Filter>
    </ClCompile>
    <ClCompile Include="Solve_old\11399.cpp">
      <Filter>소스 파일</Filter>
    </ClCompile>
    <ClCompile Include="Solve_old\11651.cpp">
      <Filter>소스 파일</Filter>
    </ClCompile>
    <ClCompile Include="Solve_old\11653.cpp">
      <Filter>소스 파일</Filter>
    </ClCompile>
    <ClCompile Include="Solve_old\11658.cpp">
      <Filter>소스 파일</Filter>
    </ClCompile>
    <ClCompile Include="Solve_old\11659.cpp">
      <Filter>소스 파일</Filter>
    </ClCompile>
    <ClCompile Include="Solve_old\11660.cpp">
      <Filter>소스 파일</Filter>
    </ClCompile>
    <ClCompile Include="Solve_old\11723.cpp">
      <Filter>소스 파일</Filter>
    </ClCompile>
    <ClCompile Include="Solve_old\11724.cpp">
      <Filter>소스 파일</Filter>
    </ClCompile>
    <ClCompile Include="Solve_old\11726.cpp">
      <Filter>소스 파일</Filter>
    </ClCompile>
    <ClCompile Include="Solve_old\11727.cpp">
      <Filter>소스 파일</Filter>
    </ClCompile>
    <ClCompile Include="Solve_old\11729.cpp">
      <Filter>소스 파일</Filter>
    </ClCompile>
    <ClCompile Include="Solve_old\11866.cpp">
      <Filter>소스 파일</Filter>
    </ClCompile>
    <ClCompile Include="Solve_old\12813.cpp">
      <Filter>소스 파일</Filter>
    </ClCompile>
    <ClCompile Include="Solve_old\13015.cpp">
      <Filter>소스 파일</Filter>
    </ClCompile>
    <ClCompile Include="Solve_old\13545.cpp">
      <Filter>소스 파일</Filter>
    </ClCompile>
    <ClCompile Include="Solve_old\14502.cpp">
      <Filter>소스 파일</Filter>
    </ClCompile>
    <ClCompile Include="Solve_old\14698.cpp">
      <Filter>소스 파일</Filter>
    </ClCompile>
    <ClCompile Include="Solve_old\14889.cpp">
      <Filter>소스 파일</Filter>
    </ClCompile>
    <ClCompile Include="Solve_old\14936.cpp">
      <Filter>소스 파일</Filter>
    </ClCompile>
    <ClCompile Include="Solve_old\15649.cpp">
      <Filter>소스 파일</Filter>
    </ClCompile>
    <ClCompile Include="Solve_old\15650.cpp">
      <Filter>소스 파일</Filter>
    </ClCompile>
    <ClCompile Include="Solve_old\15651.cpp">
      <Filter>소스 파일</Filter>
    </ClCompile>
    <ClCompile Include="Solve_old\15652.cpp">
      <Filter>소스 파일</Filter>
    </ClCompile>
    <ClCompile Include="Solve_old\15829.cpp">
      <Filter>소스 파일</Filter>
    </ClCompile>
    <ClCompile Include="Solve_old\16975.cpp">
      <Filter>소스 파일</Filter>
    </ClCompile>
    <ClCompile Include="Solve_old\17219.cpp">
      <Filter>소스 파일</Filter>
    </ClCompile>
    <ClCompile Include="Solve_old\17390.cpp">
      <Filter>소스 파일</Filter>
    </ClCompile>
    <ClCompile Include="Solve_old\17626.cpp">
      <Filter>소스 파일</Filter>
    </ClCompile>
    <ClCompile Include="Solve_old\18111.cpp">
      <Filter>소스 파일</Filter>
    </ClCompile>
    <ClCompile Include="Solve_old\18352.cpp">
      <Filter>소스 파일</Filter>
    </ClCompile>
    <ClCompile Include="Solve_old\18870.cpp">
      <Filter>소스 파일</Filter>
    </ClCompile>
    <ClCompile Include="Solve_old\20046.cpp">
      <Filter>소스 파일</Filter>
    </ClCompile>
    <ClCompile Include="Solve_old\20925.cpp">
      <Filter>소스 파일</Filter>
    </ClCompile>
    <ClCompile Include="Solve_old\Template.cpp">
      <Filter>소스 파일</Filter>
    </ClCompile>
    <ClCompile Include="Solve_old\Test.cpp">
      <Filter>소스 파일</Filter>
    </ClCompile>
  </ItemGroup>
  <ItemGroup>
    <ClInclude Include="AlgorithmStudy.h">
      <Filter>소스 파일</Filter>
    </ClInclude>
    <ClInclude Include="Solve\1003.h">
      <Filter>소스 파일</Filter>
    </ClInclude>
    <ClInclude Include="Solve\1260.h">
      <Filter>소스 파일</Filter>
    </ClInclude>
    <ClInclude Include="Solve\2178.h">
      <Filter>소스 파일</Filter>
    </ClInclude>
    <ClInclude Include="Solve\2606.h">
      <Filter>소스 파일</Filter>
    </ClInclude>
    <ClInclude Include="Solve\Template.h">
      <Filter>소스 파일</Filter>
    </ClInclude>
    <ClInclude Include="Solve\2776.h">
      <Filter>소스 파일</Filter>
    </ClInclude>
    <ClInclude Include="Solve\2847.h">
      <Filter>소스 파일</Filter>
    </ClInclude>
    <ClInclude Include="Solve\14936.h">
      <Filter>소스 파일</Filter>
    </ClInclude>
    <ClInclude Include="Solve\3182.h">
      <Filter>소스 파일</Filter>
    </ClInclude>
    <ClInclude Include="Solve\9663.h">
      <Filter>소스 파일</Filter>
    </ClInclude>
    <ClInclude Include="Solve\10026.h">
      <Filter>소스 파일</Filter>
    </ClInclude>
    <ClInclude Include="Solve\14502.h">
      <Filter>소스 파일</Filter>
    </ClInclude>
    <ClInclude Include="Solve\14698.h">
      <Filter>소스 파일</Filter>
    </ClInclude>
    <ClInclude Include="Solve\14889.h">
      <Filter>소스 파일</Filter>
    </ClInclude>
    <ClInclude Include="Solve\1753.h">
      <Filter>소스 파일</Filter>
    </ClInclude>
    <ClInclude Include="Solve\4485.h">
      <Filter>소스 파일</Filter>
    </ClInclude>
    <ClInclude Include="Solve\20046.h">
      <Filter>소스 파일</Filter>
    </ClInclude>
    <ClInclude Include="Solve\1759.h">
      <Filter>소스 파일</Filter>
    </ClInclude>
    <ClInclude Include="Solve_old\1002.h">
      <Filter>소스 파일</Filter>
    </ClInclude>
    <ClInclude Include="Solve_old\1003.h">
      <Filter>소스 파일</Filter>
    </ClInclude>
    <ClInclude Include="Solve_old\1009.h">
      <Filter>소스 파일</Filter>
    </ClInclude>
    <ClInclude Include="Solve_old\1011.h">
      <Filter>소스 파일</Filter>
    </ClInclude>
    <ClInclude Include="Solve_old\1012.h">
      <Filter>소스 파일</Filter>
    </ClInclude>
    <ClInclude Include="Solve_old\1018.h">
      <Filter>소스 파일</Filter>
    </ClInclude>
    <ClInclude Include="Solve_old\1037.h">
      <Filter>소스 파일</Filter>
    </ClInclude>
    <ClInclude Include="Solve_old\1085.h">
      <Filter>소스 파일</Filter>
    </ClInclude>
    <ClInclude Include="Solve_old\1107.h">
      <Filter>소스 파일</Filter>
    </ClInclude>
    <ClInclude Include="Solve_old\1181.h">
      <Filter>소스 파일</Filter>
    </ClInclude>
    <ClInclude Include="Solve_old\1212.h">
      <Filter>소스 파일</Filter>
    </ClInclude>
    <ClInclude Include="Solve_old\1259.h">
      <Filter>소스 파일</Filter>
    </ClInclude>
    <ClInclude Include="Solve_old\1260.h">
      <Filter>소스 파일</Filter>
    </ClInclude>
    <ClInclude Include="Solve_old\1406.h">
      <Filter>소스 파일</Filter>
    </ClInclude>
    <ClInclude Include="Solve_old\1436.h">
      <Filter>소스 파일</Filter>
    </ClInclude>
    <ClInclude Include="Solve_old\1463.h">
      <Filter>소스 파일</Filter>
    </ClInclude>
    <ClInclude Include="Solve_old\1541.h">
      <Filter>소스 파일</Filter>
    </ClInclude>
    <ClInclude Include="Solve_old\1620.h">
      <Filter>소스 파일</Filter>
    </ClInclude>
    <ClInclude Include="Solve_old\1654.h">
      <Filter>소스 파일</Filter>
    </ClInclude>
    <ClInclude Include="Solve_old\1676.h">
      <Filter>소스 파일</Filter>
    </ClInclude>
    <ClInclude Include="Solve_old\1697.h">
      <Filter>소스 파일</Filter>
    </ClInclude>
    <ClInclude Include="Solve_old\1753.h">
      <Filter>소스 파일</Filter>
    </ClInclude>
    <ClInclude Include="Solve_old\1759.h">
      <Filter>소스 파일</Filter>
    </ClInclude>
    <ClInclude Include="Solve_old\1764.h">
      <Filter>소스 파일</Filter>
    </ClInclude>
    <ClInclude Include="Solve_old\1780.h">
      <Filter>소스 파일</Filter>
    </ClInclude>
    <ClInclude Include="Solve_old\1874.h">
      <Filter>소스 파일</Filter>
    </ClInclude>
    <ClInclude Include="Solve_old\1916.h">
      <Filter>소스 파일</Filter>
    </ClInclude>
    <ClInclude Include="Solve_old\1920.h">
      <Filter>소스 파일</Filter>
    </ClInclude>
    <ClInclude Include="Solve_old\1927.h">
      <Filter>소스 파일</Filter>
    </ClInclude>
    <ClInclude Include="Solve_old\1929.h">
      <Filter>소스 파일</Filter>
    </ClInclude>
    <ClInclude Include="Solve_old\1931.h">
      <Filter>소스 파일</Filter>
    </ClInclude>
    <ClInclude Include="Solve_old\1934.h">
      <Filter>소스 파일</Filter>
    </ClInclude>
    <ClInclude Include="Solve_old\1966.h">
      <Filter>소스 파일</Filter>
    </ClInclude>
    <ClInclude Include="Solve_old\1992.h">
      <Filter>소스 파일</Filter>
    </ClInclude>
    <ClInclude Include="Solve_old\2042.h">
      <Filter>소스 파일</Filter>
    </ClInclude>
    <ClInclude Include="Solve_old\2108.h">
      <Filter>소스 파일</Filter>
    </ClInclude>
    <ClInclude Include="Solve_old\2164.h">
      <Filter>소스 파일</Filter>
    </ClInclude>
    <ClInclude Include="Solve_old\2167.h">
      <Filter>소스 파일</Filter>
    </ClInclude>
    <ClInclude Include="Solve_old\2178.h">
      <Filter>소스 파일</Filter>
    </ClInclude>
    <ClInclude Include="Solve_old\2231.h">
      <Filter>소스 파일</Filter>
    </ClInclude>
    <ClInclude Include="Solve_old\2292.h">
      <Filter>소스 파일</Filter>
    </ClInclude>
    <ClInclude Include="Solve_old\2309.h">
      <Filter>소스 파일</Filter>
    </ClInclude>
    <ClInclude Include="Solve_old\2442.h">
      <Filter>소스 파일</Filter>
    </ClInclude>
    <ClInclude Include="Solve_old\2443.h">
      <Filter>소스 파일</Filter>
    </ClInclude>
    <ClInclude Include="Solve_old\2444.h">
      <Filter>소스 파일</Filter>
    </ClInclude>
    <ClInclude Include="Solve_old\2445.h">
      <Filter>소스 파일</Filter>
    </ClInclude>
    <ClInclude Include="Solve_old\2446.h">
      <Filter>소스 파일</Filter>
    </ClInclude>
    <ClInclude Include="Solve_old\2447.h">
      <Filter>소스 파일</Filter>
    </ClInclude>
    <ClInclude Include="Solve_old\2448.h">
      <Filter>소스 파일</Filter>
    </ClInclude>
    <ClInclude Include="Solve_old\2475.h">
      <Filter>소스 파일</Filter>
    </ClInclude>
    <ClInclude Include="Solve_old\2522.h">
      <Filter>소스 파일</Filter>
    </ClInclude>
    <ClInclude Include="Solve_old\2523.h">
      <Filter>소스 파일</Filter>
    </ClInclude>
    <ClInclude Include="Solve_old\2559.h">
      <Filter>소스 파일</Filter>
    </ClInclude>
    <ClInclude Include="Solve_old\2579.h">
      <Filter>소스 파일</Filter>
    </ClInclude>
    <ClInclude Include="Solve_old\2606.h">
      <Filter>소스 파일</Filter>
    </ClInclude>
    <ClInclude Include="Solve_old\2609.h">
      <Filter>소스 파일</Filter>
    </ClInclude>
    <ClInclude Include="Solve_old\2630.h">
      <Filter>소스 파일</Filter>
    </ClInclude>
    <ClInclude Include="Solve_old\2667.h">
      <Filter>소스 파일</Filter>
    </ClInclude>
    <ClInclude Include="Solve_old\2747.h">
      <Filter>소스 파일</Filter>
    </ClInclude>
    <ClInclude Include="Solve_old\2749.h">
      <Filter>소스 파일</Filter>
    </ClInclude>
    <ClInclude Include="Solve_old\2751.h">
      <Filter>소스 파일</Filter>
    </ClInclude>
    <ClInclude Include="Solve_old\2775.h">
      <Filter>소스 파일</Filter>
    </ClInclude>
    <ClInclude Include="Solve_old\2776.h">
      <Filter>소스 파일</Filter>
    </ClInclude>
    <ClInclude Include="Solve_old\2798.h">
      <Filter>소스 파일</Filter>
    </ClInclude>
    <ClInclude Include="Solve_old\2805.h">
      <Filter>소스 파일</Filter>
    </ClInclude>
    <ClInclude Include="Solve_old\2847.h">
      <Filter>소스 파일</Filter>
    </ClInclude>
    <ClInclude Include="Solve_old\2869.h">
      <Filter>소스 파일</Filter>
    </ClInclude>
    <ClInclude Include="Solve_old\2914.h">
      <Filter>소스 파일</Filter>
    </ClInclude>
    <ClInclude Include="Solve_old\2941.h">
      <Filter>소스 파일</Filter>
    </ClInclude>
    <ClInclude Include="Solve_old\3009.h">
      <Filter>소스 파일</Filter>
    </ClInclude>
    <ClInclude Include="Solve_old\3046.h">
      <Filter>소스 파일</Filter>
    </ClInclude>
    <ClInclude Include="Solve_old\3053.h">
      <Filter>소스 파일</Filter>
    </ClInclude>
    <ClInclude Include="Solve_old\3182.h">
      <Filter>소스 파일</Filter>
    </ClInclude>
    <ClInclude Include="Solve_old\4153.h">
      <Filter>소스 파일</Filter>
    </ClInclude>
    <ClInclude Include="Solve_old\4485.h">
      <Filter>소스 파일</Filter>
    </ClInclude>
    <ClInclude Include="Solve_old\4948.h">
      <Filter>소스 파일</Filter>
    </ClInclude>
    <ClInclude Include="Solve_old\4949.h">
      <Filter>소스 파일</Filter>
    </ClInclude>
    <ClInclude Include="Solve_old\5086.h">
      <Filter>소스 파일</Filter>
    </ClInclude>
    <ClInclude Include="Solve_old\5525.h">
      <Filter>소스 파일</Filter>
    </ClInclude>
    <ClInclude Include="Solve_old\6588.h">
      <Filter>소스 파일</Filter>
    </ClInclude>
    <ClInclude Include="Solve_old\7568.h">
      <Filter>소스 파일</Filter>
    </ClInclude>
    <ClInclude Include="Solve_old\7576.h">
      <Filter>소스 파일</Filter>
    </ClInclude>
    <ClInclude Include="Solve_old\9012.h">
      <Filter>소스 파일</Filter>
    </ClInclude>
    <ClInclude Include="Solve_old\9020.h">
      <Filter>소스 파일</Filter>
    </ClInclude>
    <ClInclude Include="Solve_old\9095.h">
      <Filter>소스 파일</Filter>
    </ClInclude>
    <ClInclude Include="Solve_old\9184.h">
      <Filter>소스 파일</Filter>
    </ClInclude>
    <ClInclude Include="Solve_old\9461.h">
      <Filter>소스 파일</Filter>
    </ClInclude>
    <ClInclude Include="Solve_old\9471.h">
      <Filter>소스 파일</Filter>
    </ClInclude>
    <ClInclude Include="Solve_old\9527.h">
      <Filter>소스 파일</Filter>
    </ClInclude>
    <ClInclude Include="Solve_old\9663.h">
      <Filter>소스 파일</Filter>
    </ClInclude>
    <ClInclude Include="Solve_old\10026.h">
      <Filter>소스 파일</Filter>
    </ClInclude>
    <ClInclude Include="Solve_old\10211.h">
      <Filter>소스 파일</Filter>
    </ClInclude>
    <ClInclude Include="Solve_old\10250.h">
      <Filter>소스 파일</Filter>
    </ClInclude>
    <ClInclude Include="Solve_old\10773.h">
      <Filter>소스 파일</Filter>
    </ClInclude>
    <ClInclude Include="Solve_old\10814.h">
      <Filter>소스 파일</Filter>
    </ClInclude>
    <ClInclude Include="Solve_old\10815.h">
      <Filter>소스 파일</Filter>
    </ClInclude>
    <ClInclude Include="Solve_old\10816.h">
      <Filter>소스 파일</Filter>
    </ClInclude>
    <ClInclude Include="Solve_old\10826.h">
      <Filter>소스 파일</Filter>
    </ClInclude>
    <ClInclude Include="Solve_old\10828.h">
      <Filter>소스 파일</Filter>
    </ClInclude>
    <ClInclude Include="Solve_old\10845.h">
      <Filter>소스 파일</Filter>
    </ClInclude>
    <ClInclude Include="Solve_old\10866.h">
      <Filter>소스 파일</Filter>
    </ClInclude>
    <ClInclude Include="Solve_old\10989.h">
      <Filter>소스 파일</Filter>
    </ClInclude>
    <ClInclude Include="Solve_old\10990.h">
      <Filter>소스 파일</Filter>
    </ClInclude>
    <ClInclude Include="Solve_old\10991.h">
      <Filter>소스 파일</Filter>
    </ClInclude>
    <ClInclude Include="Solve_old\10992.h">
      <Filter>소스 파일</Filter>
    </ClInclude>
    <ClInclude Include="Solve_old\10994.h">
      <Filter>소스 파일</Filter>
    </ClInclude>
    <ClInclude Include="Solve_old\10995.h">
      <Filter>소스 파일</Filter>
    </ClInclude>
    <ClInclude Include="Solve_old\10996.h">
      <Filter>소스 파일</Filter>
    </ClInclude>
    <ClInclude Include="Solve_old\10997.h">
      <Filter>소스 파일</Filter>
    </ClInclude>
    <ClInclude Include="Solve_old\10999.h">
      <Filter>소스 파일</Filter>
    </ClInclude>
    <ClInclude Include="Solve_old\11003.h">
      <Filter>소스 파일</Filter>
    </ClInclude>
    <ClInclude Include="Solve_old\11047.h">
      <Filter>소스 파일</Filter>
    </ClInclude>
    <ClInclude Include="Solve_old\11050.h">
      <Filter>소스 파일</Filter>
    </ClInclude>
    <ClInclude Include="Solve_old\11279.h">
      <Filter>소스 파일</Filter>
    </ClInclude>
    <ClInclude Include="Solve_old\11286.h">
      <Filter>소스 파일</Filter>
    </ClInclude>
    <ClInclude Include="Solve_old\11399.h">
      <Filter>소스 파일</Filter>
    </ClInclude>
    <ClInclude Include="Solve_old\11651.h">
      <Filter>소스 파일</Filter>
    </ClInclude>
    <ClInclude Include="Solve_old\11653.h">
      <Filter>소스 파일</Filter>
    </ClInclude>
    <ClInclude Include="Solve_old\11658.h">
      <Filter>소스 파일</Filter>
    </ClInclude>
    <ClInclude Include="Solve_old\11659.h">
      <Filter>소스 파일</Filter>
    </ClInclude>
    <ClInclude Include="Solve_old\11660.h">
      <Filter>소스 파일</Filter>
    </ClInclude>
    <ClInclude Include="Solve_old\11723.h">
      <Filter>소스 파일</Filter>
    </ClInclude>
    <ClInclude Include="Solve_old\11724.h">
      <Filter>소스 파일</Filter>
    </ClInclude>
    <ClInclude Include="Solve_old\11726.h">
      <Filter>소스 파일</Filter>
    </ClInclude>
    <ClInclude Include="Solve_old\11727.h">
      <Filter>소스 파일</Filter>
    </ClInclude>
    <ClInclude Include="Solve_old\11729.h">
      <Filter>소스 파일</Filter>
    </ClInclude>
    <ClInclude Include="Solve_old\11866.h">
      <Filter>소스 파일</Filter>
    </ClInclude>
    <ClInclude Include="Solve_old\12813.h">
      <Filter>소스 파일</Filter>
    </ClInclude>
    <ClInclude Include="Solve_old\13015.h">
      <Filter>소스 파일</Filter>
    </ClInclude>
    <ClInclude Include="Solve_old\13545.h">
      <Filter>소스 파일</Filter>
    </ClInclude>
    <ClInclude Include="Solve_old\14502.h">
      <Filter>소스 파일</Filter>
    </ClInclude>
    <ClInclude Include="Solve_old\14698.h">
      <Filter>소스 파일</Filter>
    </ClInclude>
    <ClInclude Include="Solve_old\14889.h">
      <Filter>소스 파일</Filter>
    </ClInclude>
    <ClInclude Include="Solve_old\14936.h">
      <Filter>소스 파일</Filter>
    </ClInclude>
    <ClInclude Include="Solve_old\15649.h">
      <Filter>소스 파일</Filter>
    </ClInclude>
    <ClInclude Include="Solve_old\15650.h">
      <Filter>소스 파일</Filter>
    </ClInclude>
    <ClInclude Include="Solve_old\15651.h">
      <Filter>소스 파일</Filter>
    </ClInclude>
    <ClInclude Include="Solve_old\15652.h">
      <Filter>소스 파일</Filter>
    </ClInclude>
    <ClInclude Include="Solve_old\15829.h">
      <Filter>소스 파일</Filter>
    </ClInclude>
    <ClInclude Include="Solve_old\16975.h">
      <Filter>소스 파일</Filter>
    </ClInclude>
    <ClInclude Include="Solve_old\17219.h">
      <Filter>소스 파일</Filter>
    </ClInclude>
    <ClInclude Include="Solve_old\17390.h">
      <Filter>소스 파일</Filter>
    </ClInclude>
    <ClInclude Include="Solve_old\17626.h">
      <Filter>소스 파일</Filter>
    </ClInclude>
    <ClInclude Include="Solve_old\18111.h">
      <Filter>소스 파일</Filter>
    </ClInclude>
    <ClInclude Include="Solve_old\18352.h">
      <Filter>소스 파일</Filter>
    </ClInclude>
    <ClInclude Include="Solve_old\18870.h">
      <Filter>소스 파일</Filter>
    </ClInclude>
    <ClInclude Include="Solve_old\20046.h">
      <Filter>소스 파일</Filter>
    </ClInclude>
    <ClInclude Include="Solve_old\20925.h">
      <Filter>소스 파일</Filter>
    </ClInclude>
    <ClInclude Include="Solve_old\Template.h">
      <Filter>소스 파일</Filter>
    </ClInclude>
  </ItemGroup>
</Project>